
Microsoft Visual Studio Solution File, Format Version 12.00
# Visual Studio Version 17
VisualStudioVersion = 17.6.33829.357
MinimumVisualStudioVersion = 10.0.40219.1
Project("{FAE04EC0-301F-11D3-BF4B-00C04F79EFBC}") = "DesafioNumerosPrimos", "DesafioNumerosPrimos\DesafioNumerosPrimos.csproj", "{1CCD9E07-C06E-4295-8826-EC300157DDC0}"
EndProject
Global
	GlobalSection(SolutionConfigurationPlatforms) = preSolution
		Debug|Any CPU = Debug|Any CPU
		Release|Any CPU = Release|Any CPU
	EndGlobalSection
	GlobalSection(ProjectConfigurationPlatforms) = postSolution
		{1CCD9E07-C06E-4295-8826-EC300157DDC0}.Debug|Any CPU.ActiveCfg = Debug|Any CPU
		{1CCD9E07-C06E-4295-8826-EC300157DDC0}.Debug|Any CPU.Build.0 = Debug|Any CPU
		{1CCD9E07-C06E-4295-8826-EC300157DDC0}.Release|Any CPU.ActiveCfg = Release|Any CPU
		{1CCD9E07-C06E-4295-8826-EC300157DDC0}.Release|Any CPU.Build.0 = Release|Any CPU
	EndGlobalSection
	GlobalSection(SolutionProperties) = preSolution
		HideSolutionNode = FALSE
	EndGlobalSection
	GlobalSection(ExtensibilityGlobals) = postSolution
		SolutionGuid = {5483F616-C70F-4BFE-B5D4-B3A95403667C}
	EndGlobalSection
EndGlobal
